// !$*UTF8*$!
{
	archiveVersion = 1;
	classes = {
	};
	objectVersion = 46;
	objects = {

/* Begin PBXBuildFile section */
		1000B5CE1DBD562A003495F4 /* AppDelegate.swift in Sources */ = {isa = PBXBuildFile; fileRef = 1000B5CD1DBD562A003495F4 /* AppDelegate.swift */; };
		1000B5D01DBD562A003495F4 /* ViewController.swift in Sources */ = {isa = PBXBuildFile; fileRef = 1000B5CF1DBD562A003495F4 /* ViewController.swift */; };
		1000B5D31DBD562A003495F4 /* Main.storyboard in Resources */ = {isa = PBXBuildFile; fileRef = 1000B5D11DBD562A003495F4 /* Main.storyboard */; };
		1000B5D51DBD562A003495F4 /* Assets.xcassets in Resources */ = {isa = PBXBuildFile; fileRef = 1000B5D41DBD562A003495F4 /* Assets.xcassets */; };
		1000B5D81DBD562A003495F4 /* LaunchScreen.storyboard in Resources */ = {isa = PBXBuildFile; fileRef = 1000B5D61DBD562A003495F4 /* LaunchScreen.storyboard */; };
		1000B5E41DBD61AE003495F4 /* wafbasicViewController.swift in Sources */ = {isa = PBXBuildFile; fileRef = 1000B5E31DBD61AE003495F4 /* wafbasicViewController.swift */; };
		7972FCC21DD13F1600A95865 /* PictureViewController.swift in Sources */ = {isa = PBXBuildFile; fileRef = 7972FCC11DD13F1600A95865 /* PictureViewController.swift */; };
		7972FCC71DD1648C00A95865 /* Model.xcdatamodeld in Sources */ = {isa = PBXBuildFile; fileRef = 7972FCC51DD1648C00A95865 /* Model.xcdatamodeld */; };
		7972FCE71DD1740C00A95865 /* FullRes+CoreDataProperties.swift in Sources */ = {isa = PBXBuildFile; fileRef = 7972FCE31DD1740C00A95865 /* FullRes+CoreDataProperties.swift */; };
		7972FCE81DD1740C00A95865 /* FullRes.swift in Sources */ = {isa = PBXBuildFile; fileRef = 7972FCE41DD1740C00A95865 /* FullRes.swift */; };
		7972FCE91DD1740C00A95865 /* Thumbnail+CoreDataProperties.swift in Sources */ = {isa = PBXBuildFile; fileRef = 7972FCE51DD1740C00A95865 /* Thumbnail+CoreDataProperties.swift */; };
		7972FCEA1DD1740C00A95865 /* Thumbnail.swift in Sources */ = {isa = PBXBuildFile; fileRef = 7972FCE61DD1740C00A95865 /* Thumbnail.swift */; };
		98612E641DC1AC5F00854806 /* PauseViewController.swift in Sources */ = {isa = PBXBuildFile; fileRef = 98612E631DC1AC5F00854806 /* PauseViewController.swift */; };
/* End PBXBuildFile section */

/* Begin PBXFileReference section */
		1000B5CA1DBD562A003495F4 /* group8alpha.app */ = {isa = PBXFileReference; explicitFileType = wrapper.application; includeInIndex = 0; path = group8alpha.app; sourceTree = BUILT_PRODUCTS_DIR; };
		1000B5CD1DBD562A003495F4 /* AppDelegate.swift */ = {isa = PBXFileReference; lastKnownFileType = sourcecode.swift; path = AppDelegate.swift; sourceTree = "<group>"; };
		1000B5CF1DBD562A003495F4 /* ViewController.swift */ = {isa = PBXFileReference; lastKnownFileType = sourcecode.swift; path = ViewController.swift; sourceTree = "<group>"; };
		1000B5D21DBD562A003495F4 /* Base */ = {isa = PBXFileReference; lastKnownFileType = file.storyboard; name = Base; path = Base.lproj/Main.storyboard; sourceTree = "<group>"; };
		1000B5D41DBD562A003495F4 /* Assets.xcassets */ = {isa = PBXFileReference; lastKnownFileType = folder.assetcatalog; path = Assets.xcassets; sourceTree = "<group>"; };
		1000B5D71DBD562A003495F4 /* Base */ = {isa = PBXFileReference; lastKnownFileType = file.storyboard; name = Base; path = Base.lproj/LaunchScreen.storyboard; sourceTree = "<group>"; };
		1000B5D91DBD562A003495F4 /* Info.plist */ = {isa = PBXFileReference; lastKnownFileType = text.plist.xml; path = Info.plist; sourceTree = "<group>"; };
		1000B5E31DBD61AE003495F4 /* wafbasicViewController.swift */ = {isa = PBXFileReference; fileEncoding = 4; lastKnownFileType = sourcecode.swift; path = wafbasicViewController.swift; sourceTree = "<group>"; };
		7972FCC11DD13F1600A95865 /* PictureViewController.swift */ = {isa = PBXFileReference; fileEncoding = 4; lastKnownFileType = sourcecode.swift; path = PictureViewController.swift; sourceTree = "<group>"; };
		7972FCC61DD1648C00A95865 /* Model.xcdatamodel */ = {isa = PBXFileReference; lastKnownFileType = wrapper.xcdatamodel; path = Model.xcdatamodel; sourceTree = "<group>"; };
		7972FCE31DD1740C00A95865 /* FullRes+CoreDataProperties.swift */ = {isa = PBXFileReference; fileEncoding = 4; lastKnownFileType = sourcecode.swift; path = "FullRes+CoreDataProperties.swift"; sourceTree = "<group>"; };
		7972FCE41DD1740C00A95865 /* FullRes.swift */ = {isa = PBXFileReference; fileEncoding = 4; lastKnownFileType = sourcecode.swift; path = FullRes.swift; sourceTree = "<group>"; };
		7972FCE51DD1740C00A95865 /* Thumbnail+CoreDataProperties.swift */ = {isa = PBXFileReference; fileEncoding = 4; lastKnownFileType = sourcecode.swift; path = "Thumbnail+CoreDataProperties.swift"; sourceTree = "<group>"; };
		7972FCE61DD1740C00A95865 /* Thumbnail.swift */ = {isa = PBXFileReference; fileEncoding = 4; lastKnownFileType = sourcecode.swift; path = Thumbnail.swift; sourceTree = "<group>"; };
		98612E631DC1AC5F00854806 /* PauseViewController.swift */ = {isa = PBXFileReference; fileEncoding = 4; lastKnownFileType = sourcecode.swift; path = PauseViewController.swift; sourceTree = "<group>"; };
/* End PBXFileReference section */

/* Begin PBXFrameworksBuildPhase section */
		1000B5C71DBD5629003495F4 /* Frameworks */ = {
			isa = PBXFrameworksBuildPhase;
			buildActionMask = 2147483647;
			files = (
			);
			runOnlyForDeploymentPostprocessing = 0;
		};
/* End PBXFrameworksBuildPhase section */

/* Begin PBXGroup section */
		1000B5C11DBD5629003495F4 = {
			isa = PBXGroup;
			children = (
				1000B5CC1DBD562A003495F4 /* group8alpha */,
				1000B5CB1DBD562A003495F4 /* Products */,
			);
			sourceTree = "<group>";
		};
		1000B5CB1DBD562A003495F4 /* Products */ = {
			isa = PBXGroup;
			children = (
				1000B5CA1DBD562A003495F4 /* group8alpha.app */,
			);
			name = Products;
			sourceTree = "<group>";
		};
		1000B5CC1DBD562A003495F4 /* group8alpha */ = {
			isa = PBXGroup;
			children = (
				7972FCE31DD1740C00A95865 /* FullRes+CoreDataProperties.swift */,
				7972FCE41DD1740C00A95865 /* FullRes.swift */,
				7972FCE51DD1740C00A95865 /* Thumbnail+CoreDataProperties.swift */,
				7972FCE61DD1740C00A95865 /* Thumbnail.swift */,
				1000B5CD1DBD562A003495F4 /* AppDelegate.swift */,
				1000B5CF1DBD562A003495F4 /* ViewController.swift */,
				1000B5D11DBD562A003495F4 /* Main.storyboard */,
				1000B5D41DBD562A003495F4 /* Assets.xcassets */,
				7972FCC51DD1648C00A95865 /* Model.xcdatamodeld */,
				1000B5D61DBD562A003495F4 /* LaunchScreen.storyboard */,
				1000B5D91DBD562A003495F4 /* Info.plist */,
				1000B5E31DBD61AE003495F4 /* wafbasicViewController.swift */,
				98612E631DC1AC5F00854806 /* PauseViewController.swift */,
				7972FCC11DD13F1600A95865 /* PictureViewController.swift */,
			);
			path = group8alpha;
			sourceTree = "<group>";
		};
/* End PBXGroup section */

/* Begin PBXNativeTarget section */
		1000B5C91DBD5629003495F4 /* group8alpha */ = {
			isa = PBXNativeTarget;
			buildConfigurationList = 1000B5DC1DBD562A003495F4 /* Build configuration list for PBXNativeTarget "group8alpha" */;
			buildPhases = (
				1000B5C61DBD5629003495F4 /* Sources */,
				1000B5C71DBD5629003495F4 /* Frameworks */,
				1000B5C81DBD5629003495F4 /* Resources */,
			);
			buildRules = (
			);
			dependencies = (
			);
			name = group8alpha;
			productName = group8alpha;
			productReference = 1000B5CA1DBD562A003495F4 /* group8alpha.app */;
			productType = "com.apple.product-type.application";
		};
/* End PBXNativeTarget section */

/* Begin PBXProject section */
		1000B5C21DBD5629003495F4 /* Project object */ = {
			isa = PBXProject;
			attributes = {
				LastSwiftUpdateCheck = 0730;
				LastUpgradeCheck = 0730;
				ORGANIZATIONNAME = cs378;
				TargetAttributes = {
					1000B5C91DBD5629003495F4 = {
						CreatedOnToolsVersion = 7.3.1;
					};
				};
			};
			buildConfigurationList = 1000B5C51DBD5629003495F4 /* Build configuration list for PBXProject "group8alpha" */;
			compatibilityVersion = "Xcode 3.2";
			developmentRegion = English;
			hasScannedForEncodings = 0;
			knownRegions = (
				en,
				Base,
			);
			mainGroup = 1000B5C11DBD5629003495F4;
			productRefGroup = 1000B5CB1DBD562A003495F4 /* Products */;
			projectDirPath = "";
			projectRoot = "";
			targets = (
				1000B5C91DBD5629003495F4 /* group8alpha */,
			);
		};
/* End PBXProject section */

/* Begin PBXResourcesBuildPhase section */
		1000B5C81DBD5629003495F4 /* Resources */ = {
			isa = PBXResourcesBuildPhase;
			buildActionMask = 2147483647;
			files = (
				1000B5D81DBD562A003495F4 /* LaunchScreen.storyboard in Resources */,
				1000B5D51DBD562A003495F4 /* Assets.xcassets in Resources */,
				1000B5D31DBD562A003495F4 /* Main.storyboard in Resources */,
			);
			runOnlyForDeploymentPostprocessing = 0;
		};
/* End PBXResourcesBuildPhase section */

/* Begin PBXSourcesBuildPhase section */
		1000B5C61DBD5629003495F4 /* Sources */ = {
			isa = PBXSourcesBuildPhase;
			buildActionMask = 2147483647;
			files = (
				7972FCE71DD1740C00A95865 /* FullRes+CoreDataProperties.swift in Sources */,
				1000B5D01DBD562A003495F4 /* ViewController.swift in Sources */,
				98612E641DC1AC5F00854806 /* PauseViewController.swift in Sources */,
				7972FCC71DD1648C00A95865 /* Model.xcdatamodeld in Sources */,
				1000B5E41DBD61AE003495F4 /* wafbasicViewController.swift in Sources */,
				7972FCE91DD1740C00A95865 /* Thumbnail+CoreDataProperties.swift in Sources */,
				7972FCE81DD1740C00A95865 /* FullRes.swift in Sources */,
				1000B5CE1DBD562A003495F4 /* AppDelegate.swift in Sources */,
				7972FCEA1DD1740C00A95865 /* Thumbnail.swift in Sources */,
				7972FCC21DD13F1600A95865 /* PictureViewController.swift in Sources */,
			);
			runOnlyForDeploymentPostprocessing = 0;
		};
/* End PBXSourcesBuildPhase section */

/* Begin PBXVariantGroup section */
		1000B5D11DBD562A003495F4 /* Main.storyboard */ = {
			isa = PBXVariantGroup;
			children = (
				1000B5D21DBD562A003495F4 /* Base */,
			);
			name = Main.storyboard;
			sourceTree = "<group>";
		};
		1000B5D61DBD562A003495F4 /* LaunchScreen.storyboard */ = {
			isa = PBXVariantGroup;
			children = (
				1000B5D71DBD562A003495F4 /* Base */,
			);
			name = LaunchScreen.storyboard;
			sourceTree = "<group>";
		};
/* End PBXVariantGroup section */

/* Begin XCBuildConfiguration section */
		1000B5DA1DBD562A003495F4 /* Debug */ = {
			isa = XCBuildConfiguration;
			buildSettings = {
				ALWAYS_SEARCH_USER_PATHS = NO;
				CLANG_ANALYZER_NONNULL = YES;
				CLANG_CXX_LANGUAGE_STANDARD = "gnu++0x";
				CLANG_CXX_LIBRARY = "libc++";
				CLANG_ENABLE_MODULES = YES;
				CLANG_ENABLE_OBJC_ARC = YES;
				CLANG_WARN_BOOL_CONVERSION = YES;
				CLANG_WARN_CONSTANT_CONVERSION = YES;
				CLANG_WARN_DIRECT_OBJC_ISA_USAGE = YES_ERROR;
				CLANG_WARN_EMPTY_BODY = YES;
				CLANG_WARN_ENUM_CONVERSION = YES;
				CLANG_WARN_INT_CONVERSION = YES;
				CLANG_WARN_OBJC_ROOT_CLASS = YES_ERROR;
				CLANG_WARN_UNREACHABLE_CODE = YES;
				CLANG_WARN__DUPLICATE_METHOD_MATCH = YES;
				"CODE_SIGN_IDENTITY[sdk=iphoneos*]" = "iPhone Developer";
				COPY_PHASE_STRIP = NO;
				DEBUG_INFORMATION_FORMAT = dwarf;
				ENABLE_STRICT_OBJC_MSGSEND = YES;
				ENABLE_TESTABILITY = YES;
				GCC_C_LANGUAGE_STANDARD = gnu99;
				GCC_DYNAMIC_NO_PIC = NO;
				GCC_NO_COMMON_BLOCKS = YES;
				GCC_OPTIMIZATION_LEVEL = 0;
				GCC_PREPROCESSOR_DEFINITIONS = (
					"DEBUG=1",
					"$(inherited)",
				);
				GCC_WARN_64_TO_32_BIT_CONVERSION = YES;
				GCC_WARN_ABOUT_RETURN_TYPE = YES_ERROR;
				GCC_WARN_UNDECLARED_SELECTOR = YES;
				GCC_WARN_UNINITIALIZED_AUTOS = YES_AGGRESSIVE;
				GCC_WARN_UNUSED_FUNCTION = YES;
				GCC_WARN_UNUSED_VARIABLE = YES;
				IPHONEOS_DEPLOYMENT_TARGET = 9.3;
				MTL_ENABLE_DEBUG_INFO = YES;
				ONLY_ACTIVE_ARCH = YES;
				SDKROOT = iphoneos;
				SWIFT_OPTIMIZATION_LEVEL = "-Onone";
			};
			name = Debug;
		};
		1000B5DB1DBD562A003495F4 /* Release */ = {
			isa = XCBuildConfiguration;
			buildSettings = {
				ALWAYS_SEARCH_USER_PATHS = NO;
				CLANG_ANALYZER_NONNULL = YES;
				CLANG_CXX_LANGUAGE_STANDARD = "gnu++0x";
				CLANG_CXX_LIBRARY = "libc++";
				CLANG_ENABLE_MODULES = YES;
				CLANG_ENABLE_OBJC_ARC = YES;
				CLANG_WARN_BOOL_CONVERSION = YES;
				CLANG_WARN_CONSTANT_CONVERSION = YES;
				CLANG_WARN_DIRECT_OBJC_ISA_USAGE = YES_ERROR;
				CLANG_WARN_EMPTY_BODY = YES;
				CLANG_WARN_ENUM_CONVERSION = YES;
				CLANG_WARN_INT_CONVERSION = YES;
				CLANG_WARN_OBJC_ROOT_CLASS = YES_ERROR;
				CLANG_WARN_UNREACHABLE_CODE = YES;
				CLANG_WARN__DUPLICATE_METHOD_MATCH = YES;
				"CODE_SIGN_IDENTITY[sdk=iphoneos*]" = "iPhone Developer";
				COPY_PHASE_STRIP = NO;
				DEBUG_INFORMATION_FORMAT = "dwarf-with-dsym";
				ENABLE_NS_ASSERTIONS = NO;
				ENABLE_STRICT_OBJC_MSGSEND = YES;
				GCC_C_LANGUAGE_STANDARD = gnu99;
				GCC_NO_COMMON_BLOCKS = YES;
				GCC_WARN_64_TO_32_BIT_CONVERSION = YES;
				GCC_WARN_ABOUT_RETURN_TYPE = YES_ERROR;
				GCC_WARN_UNDECLARED_SELECTOR = YES;
				GCC_WARN_UNINITIALIZED_AUTOS = YES_AGGRESSIVE;
				GCC_WARN_UNUSED_FUNCTION = YES;
				GCC_WARN_UNUSED_VARIABLE = YES;
				IPHONEOS_DEPLOYMENT_TARGET = 9.3;
				MTL_ENABLE_DEBUG_INFO = NO;
				SDKROOT = iphoneos;
				VALIDATE_PRODUCT = YES;
			};
			name = Release;
		};
		1000B5DD1DBD562A003495F4 /* Debug */ = {
			isa = XCBuildConfiguration;
			buildSettings = {
				ASSETCATALOG_COMPILER_APPICON_NAME = AppIcon;
				CLANG_ENABLE_MODULES = YES;
				INFOPLIST_FILE = group8alpha/Info.plist;
				LD_RUNPATH_SEARCH_PATHS = "$(inherited) @executable_path/Frameworks";
				PRODUCT_BUNDLE_IDENTIFIER = com.cs378.group8alpha;
				PRODUCT_NAME = "$(TARGET_NAME)";
				SWIFT_OPTIMIZATION_LEVEL = "-Onone";
			};
			name = Debug;
		};
		1000B5DE1DBD562A003495F4 /* Release */ = {
			isa = XCBuildConfiguration;
			buildSettings = {
				ASSETCATALOG_COMPILER_APPICON_NAME = AppIcon;
				CLANG_ENABLE_MODULES = YES;
				INFOPLIST_FILE = group8alpha/Info.plist;
				LD_RUNPATH_SEARCH_PATHS = "$(inherited) @executable_path/Frameworks";
				PRODUCT_BUNDLE_IDENTIFIER = com.cs378.group8alpha;
				PRODUCT_NAME = "$(TARGET_NAME)";
			};
			name = Release;
		};
/* End XCBuildConfiguration section */

/* Begin XCConfigurationList section */
		1000B5C51DBD5629003495F4 /* Build configuration list for PBXProject "group8alpha" */ = {
			isa = XCConfigurationList;
			buildConfigurations = (
				1000B5DA1DBD562A003495F4 /* Debug */,
				1000B5DB1DBD562A003495F4 /* Release */,
			);
			defaultConfigurationIsVisible = 0;
			defaultConfigurationName = Release;
		};
		1000B5DC1DBD562A003495F4 /* Build configuration list for PBXNativeTarget "group8alpha" */ = {
			isa = XCConfigurationList;
			buildConfigurations = (
				1000B5DD1DBD562A003495F4 /* Debug */,
				1000B5DE1DBD562A003495F4 /* Release */,
			);
			defaultConfigurationIsVisible = 0;
			defaultConfigurationName = Release;
		};
/* End XCConfigurationList section */

/* Begin XCVersionGroup section */
		7972FCC51DD1648C00A95865 /* Model.xcdatamodeld */ = {
			isa = XCVersionGroup;
			children = (
				7972FCC61DD1648C00A95865 /* Model.xcdatamodel */,
			);
			currentVersion = 7972FCC61DD1648C00A95865 /* Model.xcdatamodel */;
			path = Model.xcdatamodeld;
			sourceTree = "<group>";
			versionGroupType = wrapper.xcdatamodel;
		};
/* End XCVersionGroup section */
	};
	rootObject = 1000B5C21DBD5629003495F4 /* Project object */;
}
